
Microsoft Visual Studio Solution File, Format Version 9.00
# Visual Studio 2005
Project("{FAE04EC0-301F-11D3-BF4B-00C04F79EFBC}") = "SampleClient", "SampleClient\SampleClient.csproj", "{AD7F3400-46D4-43D7-A3C2-B0C4E5B555F8}"
EndProject
Global
	GlobalSection(SolutionConfigurationPlatforms) = preSolution
		Debug|Any CPU = Debug|Any CPU
		Release|Any CPU = Release|Any CPU
	EndGlobalSection
	GlobalSection(ProjectConfigurationPlatforms) = postSolution
		{AD7F3400-46D4-43D7-A3C2-B0C4E5B555F8}.Debug|Any CPU.ActiveCfg = Debug|Any CPU
		{AD7F3400-46D4-43D7-A3C2-B0C4E5B555F8}.Debug|Any CPU.Build.0 = Debug|Any CPU
		{AD7F3400-46D4-43D7-A3C2-B0C4E5B555F8}.Release|Any CPU.ActiveCfg = Release|Any CPU
		{AD7F3400-46D4-43D7-A3C2-B0C4E5B555F8}.Release|Any CPU.Build.0 = Release|Any CPU
	EndGlobalSection
	GlobalSection(SolutionProperties) = preSolution
		HideSolutionNode = FALSE
	EndGlobalSection
EndGlobal
